
Microsoft Visual Studio Solution File, Format Version 12.00
# Visual Studio Version 17
VisualStudioVersion = 17.10.35013.160
MinimumVisualStudioVersion = 10.0.40219.1
Project("{FAE04EC0-301F-11D3-BF4B-00C04F79EFBC}") = "StudentAdminPortal.API", "StudentAdminPortal.API\StudentAdminPortal.API.csproj", "{59BAEF8E-8E8D-4C56-A666-CCCA07984C72}"
EndProject
Global
	GlobalSection(SolutionConfigurationPlatforms) = preSolution
		Debug|Any CPU = Debug|Any CPU
		Release|Any CPU = Release|Any CPU
	EndGlobalSection
	GlobalSection(ProjectConfigurationPlatforms) = postSolution
		{59BAEF8E-8E8D-4C56-A666-CCCA07984C72}.Debug|Any CPU.ActiveCfg = Debug|Any CPU
		{59BAEF8E-8E8D-4C56-A666-CCCA07984C72}.Debug|Any CPU.Build.0 = Debug|Any CPU
		{59BAEF8E-8E8D-4C56-A666-CCCA07984C72}.Release|Any CPU.ActiveCfg = Release|Any CPU
		{59BAEF8E-8E8D-4C56-A666-CCCA07984C72}.Release|Any CPU.Build.0 = Release|Any CPU
	EndGlobalSection
	GlobalSection(SolutionProperties) = preSolution
		HideSolutionNode = FALSE
	EndGlobalSection
	GlobalSection(ExtensibilityGlobals) = postSolution
		SolutionGuid = {B8156EE9-0001-4F6F-AD81-42879BF14A9E}
	EndGlobalSection
EndGlobal
